
Microsoft Visual Studio Solution File, Format Version 12.00
Project("{FAE04EC0-301F-11D3-BF4B-00C04F79EFBC}") = "task1var9", "task1var9.csproj", "{116F5BDA-C2BB-47BF-8CAE-FB9697793CC6}"
EndProject
Global
	GlobalSection(SolutionConfigurationPlatforms) = preSolution
		Debug|Any CPU = Debug|Any CPU
		Release|Any CPU = Release|Any CPU
	EndGlobalSection
	GlobalSection(ProjectConfigurationPlatforms) = postSolution
		{116F5BDA-C2BB-47BF-8CAE-FB9697793CC6}.Debug|Any CPU.ActiveCfg = Debug|Any CPU
		{116F5BDA-C2BB-47BF-8CAE-FB9697793CC6}.Debug|Any CPU.Build.0 = Debug|Any CPU
		{116F5BDA-C2BB-47BF-8CAE-FB9697793CC6}.Release|Any CPU.ActiveCfg = Release|Any CPU
		{116F5BDA-C2BB-47BF-8CAE-FB9697793CC6}.Release|Any CPU.Build.0 = Release|Any CPU
	EndGlobalSection
EndGlobal
